
Microsoft Visual Studio Solution File, Format Version 12.00
# Visual Studio Version 17
VisualStudioVersion = 17.14.36518.9 d17.14
MinimumVisualStudioVersion = 10.0.40219.1
Project("{FAE04EC0-301F-11D3-BF4B-00C04F79EFBC}") = "Unisaw.CLI", "Unisaw.CLI\Unisaw.CLI.csproj", "{11B80209-FA2D-42A2-8745-6A8FCC43120D}"
EndProject
Project("{FAE04EC0-301F-11D3-BF4B-00C04F79EFBC}") = "Unisaw.Core", "Unisaw.Core\Unisaw.Core.csproj", "{7DC75A89-20C5-4389-B4DC-236348A2BC63}"
EndProject
Project("{FAE04EC0-301F-11D3-BF4B-00C04F79EFBC}") = "Unisaw.Tests", "TestProject1\Unisaw.Tests.csproj", "{A4E918E8-EE40-476B-A0A3-998E67AC2D38}"
EndProject
Global
	GlobalSection(SolutionConfigurationPlatforms) = preSolution
		Debug|Any CPU = Debug|Any CPU
		Release|Any CPU = Release|Any CPU
	EndGlobalSection
	GlobalSection(ProjectConfigurationPlatforms) = postSolution
		{11B80209-FA2D-42A2-8745-6A8FCC43120D}.Debug|Any CPU.ActiveCfg = Debug|Any CPU
		{11B80209-FA2D-42A2-8745-6A8FCC43120D}.Debug|Any CPU.Build.0 = Debug|Any CPU
		{11B80209-FA2D-42A2-8745-6A8FCC43120D}.Release|Any CPU.ActiveCfg = Release|Any CPU
		{11B80209-FA2D-42A2-8745-6A8FCC43120D}.Release|Any CPU.Build.0 = Release|Any CPU
		{7DC75A89-20C5-4389-B4DC-236348A2BC63}.Debug|Any CPU.ActiveCfg = Debug|Any CPU
		{7DC75A89-20C5-4389-B4DC-236348A2BC63}.Debug|Any CPU.Build.0 = Debug|Any CPU
		{7DC75A89-20C5-4389-B4DC-236348A2BC63}.Release|Any CPU.ActiveCfg = Release|Any CPU
		{7DC75A89-20C5-4389-B4DC-236348A2BC63}.Release|Any CPU.Build.0 = Release|Any CPU
		{A4E918E8-EE40-476B-A0A3-998E67AC2D38}.Debug|Any CPU.ActiveCfg = Debug|Any CPU
		{A4E918E8-EE40-476B-A0A3-998E67AC2D38}.Debug|Any CPU.Build.0 = Debug|Any CPU
		{A4E918E8-EE40-476B-A0A3-998E67AC2D38}.Release|Any CPU.ActiveCfg = Release|Any CPU
		{A4E918E8-EE40-476B-A0A3-998E67AC2D38}.Release|Any CPU.Build.0 = Release|Any CPU
	EndGlobalSection
	GlobalSection(SolutionProperties) = preSolution
		HideSolutionNode = FALSE
	EndGlobalSection
	GlobalSection(ExtensibilityGlobals) = postSolution
		SolutionGuid = {BAE3F5D0-9EE0-4FDD-A30A-95DBA07285E5}
	EndGlobalSection
EndGlobal
